
Microsoft Visual Studio Solution File, Format Version 12.00
# Visual Studio Version 16
VisualStudioVersion = 16.0.31702.278
MinimumVisualStudioVersion = 10.0.40219.1
Project("{FAE04EC0-301F-11D3-BF4B-00C04F79EFBC}") = "Tarau_Bianca_Lab8", "Tarau_Bianca_Lab8.csproj", "{5B097C72-F038-4B3E-8F56-6B69D1312CA0}"
EndProject
Global
	GlobalSection(SolutionConfigurationPlatforms) = preSolution
		Debug|Any CPU = Debug|Any CPU
		Release|Any CPU = Release|Any CPU
	EndGlobalSection
	GlobalSection(ProjectConfigurationPlatforms) = postSolution
		{5B097C72-F038-4B3E-8F56-6B69D1312CA0}.Debug|Any CPU.ActiveCfg = Debug|Any CPU
		{5B097C72-F038-4B3E-8F56-6B69D1312CA0}.Debug|Any CPU.Build.0 = Debug|Any CPU
		{5B097C72-F038-4B3E-8F56-6B69D1312CA0}.Release|Any CPU.ActiveCfg = Release|Any CPU
		{5B097C72-F038-4B3E-8F56-6B69D1312CA0}.Release|Any CPU.Build.0 = Release|Any CPU
	EndGlobalSection
	GlobalSection(SolutionProperties) = preSolution
		HideSolutionNode = FALSE
	EndGlobalSection
	GlobalSection(ExtensibilityGlobals) = postSolution
		SolutionGuid = {73F3090B-2981-48FF-97C5-19AFA4F04281}
	EndGlobalSection
EndGlobal
